
Microsoft Visual Studio Solution File, Format Version 12.00
# Visual Studio Version 17
VisualStudioVersion = 17.3.32922.545
MinimumVisualStudioVersion = 10.0.40219.1
Project("{FAE04EC0-301F-11D3-BF4B-00C04F79EFBC}") = "MyStream", "MyStream\MyStream.csproj", "{2E5F904E-FC5E-4AD1-B153-5F2F6BECADE9}"
EndProject
Global
	GlobalSection(SolutionConfigurationPlatforms) = preSolution
		Debug|Any CPU = Debug|Any CPU
		Release|Any CPU = Release|Any CPU
	EndGlobalSection
	GlobalSection(ProjectConfigurationPlatforms) = postSolution
		{2E5F904E-FC5E-4AD1-B153-5F2F6BECADE9}.Debug|Any CPU.ActiveCfg = Debug|Any CPU
		{2E5F904E-FC5E-4AD1-B153-5F2F6BECADE9}.Debug|Any CPU.Build.0 = Debug|Any CPU
		{2E5F904E-FC5E-4AD1-B153-5F2F6BECADE9}.Release|Any CPU.ActiveCfg = Release|Any CPU
		{2E5F904E-FC5E-4AD1-B153-5F2F6BECADE9}.Release|Any CPU.Build.0 = Release|Any CPU
	EndGlobalSection
	GlobalSection(SolutionProperties) = preSolution
		HideSolutionNode = FALSE
	EndGlobalSection
	GlobalSection(ExtensibilityGlobals) = postSolution
		SolutionGuid = {95FCE7C1-C819-4B4E-A095-C3D50F260184}
	EndGlobalSection
EndGlobal
